
Microsoft Visual Studio Solution File, Format Version 12.00
# Visual Studio 15
VisualStudioVersion = 15.0.28307.136
MinimumVisualStudioVersion = 10.0.40219.1
Project("{FAE04EC0-301F-11D3-BF4B-00C04F79EFBC}") = "apimdev", "apimdev\apimdev.csproj", "{AFF4123C-1379-4A83-A245-0B249CDA1604}"
EndProject
Global
	GlobalSection(SolutionConfigurationPlatforms) = preSolution
		Debug|Any CPU = Debug|Any CPU
		Release|Any CPU = Release|Any CPU
	EndGlobalSection
	GlobalSection(ProjectConfigurationPlatforms) = postSolution
		{AFF4123C-1379-4A83-A245-0B249CDA1604}.Debug|Any CPU.ActiveCfg = Debug|Any CPU
		{AFF4123C-1379-4A83-A245-0B249CDA1604}.Debug|Any CPU.Build.0 = Debug|Any CPU
		{AFF4123C-1379-4A83-A245-0B249CDA1604}.Release|Any CPU.ActiveCfg = Release|Any CPU
		{AFF4123C-1379-4A83-A245-0B249CDA1604}.Release|Any CPU.Build.0 = Release|Any CPU
	EndGlobalSection
	GlobalSection(SolutionProperties) = preSolution
		HideSolutionNode = FALSE
	EndGlobalSection
	GlobalSection(ExtensibilityGlobals) = postSolution
		SolutionGuid = {CAC451C9-DC1A-4B76-B5F3-C4542A538B09}
	EndGlobalSection
EndGlobal
